
Microsoft Visual Studio Solution File, Format Version 12.00
# Visual Studio Version 17
VisualStudioVersion = 17.9.34714.143
MinimumVisualStudioVersion = 10.0.40219.1
Project("{FAE04EC0-301F-11D3-BF4B-00C04F79EFBC}") = "MergeTwoOrderedArray", "MergeTwoOrderedArray.csproj", "{C958FF2F-AA2B-4E3D-A400-0DEB0FA06CD5}"
EndProject
Global
	GlobalSection(SolutionConfigurationPlatforms) = preSolution
		Debug|Any CPU = Debug|Any CPU
		Release|Any CPU = Release|Any CPU
	EndGlobalSection
	GlobalSection(ProjectConfigurationPlatforms) = postSolution
		{C958FF2F-AA2B-4E3D-A400-0DEB0FA06CD5}.Debug|Any CPU.ActiveCfg = Debug|Any CPU
		{C958FF2F-AA2B-4E3D-A400-0DEB0FA06CD5}.Debug|Any CPU.Build.0 = Debug|Any CPU
		{C958FF2F-AA2B-4E3D-A400-0DEB0FA06CD5}.Release|Any CPU.ActiveCfg = Release|Any CPU
		{C958FF2F-AA2B-4E3D-A400-0DEB0FA06CD5}.Release|Any CPU.Build.0 = Release|Any CPU
	EndGlobalSection
	GlobalSection(SolutionProperties) = preSolution
		HideSolutionNode = FALSE
	EndGlobalSection
	GlobalSection(ExtensibilityGlobals) = postSolution
		SolutionGuid = {EB49C108-ED6D-4ADB-9E9C-8F377B988C80}
	EndGlobalSection
EndGlobal
